github.com/google/go-cmp v0.5.5 h1:Khx7svrCpmxxtHBq5j2mp/xVjsi8hQMfNLvJFAlrGgU=
github.com/google/go-cmp v0.5.5/go.mod h1:v8dTdLbMG2kIc/vJvl+f65V22dbkXbowE6jgT/gNBxE=
github.com/leep-frog/command v0.0.0-20221004202444-4918833cb278 h1:a2iv2wLAENQaZ/SqfHGhJh3VnLCapVeEcozaihemvag=
github.com/leep-frog/command v0.0.0-20221004202444-4918833cb278/go.mod h1:Rd1Wj9R6mxmO2cPMosUt72SwGFr68HOdykDbwVMwWE4=
github.com/leep-frog/command v0.0.0-20221006191423-2647aa173692 h1:qh1pG0vqG8zemWIgmY2fp1FupTNOzg/lSCOspo4tqNw=
github.com/leep-frog/command v0.0.0-20221006191423-2647aa173692/go.mod h1:Rd1Wj9R6mxmO2cPMosUt72SwGFr68HOdykDbwVMwWE4=
github.com/leep-frog/command v0.0.0-20230130194339-5192720eb044 h1:3kgCI/oXKrpm8XNISnhd/tLwI1tcNM5xes/8y9SKs1Y=
github.com/leep-frog/command v0.0.0-20230130194339-5192720eb044/go.mod h1:Rd1Wj9R6mxmO2cPMosUt72SwGFr68HOdykDbwVMwWE4=
github.com/leep-frog/command v0.0.0-20230201152427-33dee6ca6e87 h1:EXM2PkZGIyGsGy+KOjgnPDHNuuTFRoMj8tgSb9CujW8=
github.com/leep-frog/command v0.0.0-20230201152427-33dee6ca6e87/go.mod h1:Rd1Wj9R6mxmO2cPMosUt72SwGFr68HOdykDbwVMwWE4=
github.com/leep-frog/command v0.0.0-20230412185858-b543776e9cf8 h1:cuWDUFPUqvyvsD8W4loEBTueM/Pal457ATS91mS0Mt0=
github.com/leep-frog/command v0.0.0-20230412185858-b543776e9cf8/go.mod h1:nnUXeUudB6nssW6tQa3R64YK2ybnnRA11Wd0Gc2a5iA=
github.com/leep-frog/command v0.0.0-20230417002706-0437340074dd h1:YWcE/hmQF5GxouNMUjorgjy8XJ/YuQN+s+ReAcG/3Cc=
github.com/leep-frog/command v0.0.0-20230417002706-0437340074dd/go.mod h1:nnUXeUudB6nssW6tQa3R64YK2ybnnRA11Wd0Gc2a5iA=
golang.org/x/exp v0.0.0-20220321124402-2d6d886f8a82 h1:P3h2IfqHFILVjDaCKXyuKMprdEyIbrbKevbf2EB6lQI=
golang.org/x/exp v0.0.0-20220321124402-2d6d886f8a82/go.mod h1:lgLbSvA5ygNOMpwM/9anMpWVlVJ7Z+cHWq/eFuinpGE=
golang.org/x/xerrors v0.0.0-20191204190536-9bdfabe68543/go.mod h1:I/5z698sn9Ka8TeJc9MKroUUfqBBauWjQqLJ2OPfmY0=
golang.org/x/xerrors v0.0.0-20200804184101-5ec99f83aff1 h1:go1bK/D/BFZV2I8cIQd1NKEZ+0owSTG1fDTci4IqFcE=
golang.org/x/xerrors v0.0.0-20200804184101-5ec99f83aff1/go.mod h1:I/5z698sn9Ka8TeJc9MKroUUfqBBauWjQqLJ2OPfmY0=
